
Microsoft Visual Studio Solution File, Format Version 12.00
# Visual Studio Version 16
VisualStudioVersion = 16.0.29905.134
MinimumVisualStudioVersion = 10.0.40219.1
Project("{FAE04EC0-301F-11D3-BF4B-00C04F79EFBC}") = "PalindromeApp", "PalindromeApp\PalindromeApp.csproj", "{09F782F0-46D9-447F-8AF7-CB029965EE50}"
EndProject
Project("{FAE04EC0-301F-11D3-BF4B-00C04F79EFBC}") = "Palindrome.library", "Palindrome.library\Palindrome.library.csproj", "{2DA5FAF6-3AF4-44E1-8D0D-0B510FE84832}"
EndProject
Project("{FAE04EC0-301F-11D3-BF4B-00C04F79EFBC}") = "Palindrome.test", "Palindrome.test\Palindrome.test.csproj", "{F3B4A08E-6482-4CC2-BD37-3288B4CFFE30}"
EndProject
Global
	GlobalSection(SolutionConfigurationPlatforms) = preSolution
		Debug|Any CPU = Debug|Any CPU
		Release|Any CPU = Release|Any CPU
	EndGlobalSection
	GlobalSection(ProjectConfigurationPlatforms) = postSolution
		{09F782F0-46D9-447F-8AF7-CB029965EE50}.Debug|Any CPU.ActiveCfg = Debug|Any CPU
		{09F782F0-46D9-447F-8AF7-CB029965EE50}.Debug|Any CPU.Build.0 = Debug|Any CPU
		{09F782F0-46D9-447F-8AF7-CB029965EE50}.Release|Any CPU.ActiveCfg = Release|Any CPU
		{09F782F0-46D9-447F-8AF7-CB029965EE50}.Release|Any CPU.Build.0 = Release|Any CPU
		{2DA5FAF6-3AF4-44E1-8D0D-0B510FE84832}.Debug|Any CPU.ActiveCfg = Debug|Any CPU
		{2DA5FAF6-3AF4-44E1-8D0D-0B510FE84832}.Debug|Any CPU.Build.0 = Debug|Any CPU
		{2DA5FAF6-3AF4-44E1-8D0D-0B510FE84832}.Release|Any CPU.ActiveCfg = Release|Any CPU
		{2DA5FAF6-3AF4-44E1-8D0D-0B510FE84832}.Release|Any CPU.Build.0 = Release|Any CPU
		{F3B4A08E-6482-4CC2-BD37-3288B4CFFE30}.Debug|Any CPU.ActiveCfg = Debug|Any CPU
		{F3B4A08E-6482-4CC2-BD37-3288B4CFFE30}.Debug|Any CPU.Build.0 = Debug|Any CPU
		{F3B4A08E-6482-4CC2-BD37-3288B4CFFE30}.Release|Any CPU.ActiveCfg = Release|Any CPU
		{F3B4A08E-6482-4CC2-BD37-3288B4CFFE30}.Release|Any CPU.Build.0 = Release|Any CPU
	EndGlobalSection
	GlobalSection(SolutionProperties) = preSolution
		HideSolutionNode = FALSE
	EndGlobalSection
	GlobalSection(ExtensibilityGlobals) = postSolution
		SolutionGuid = {FE42BF4D-D2C6-43EA-BAAB-883E4F89A852}
	EndGlobalSection
EndGlobal
