
Microsoft Visual Studio Solution File, Format Version 12.00
# Visual Studio Version 16
VisualStudioVersion = 16.0.29806.167
MinimumVisualStudioVersion = 10.0.40219.1
Project("{FAE04EC0-301F-11D3-BF4B-00C04F79EFBC}") = "ClassInterfaceApp", "ClassInterfaceApp\ClassInterfaceApp.csproj", "{947ED70E-81FD-454A-A7E7-D177F4E7379A}"
EndProject
Global
	GlobalSection(SolutionConfigurationPlatforms) = preSolution
		Debug|Any CPU = Debug|Any CPU
		Release|Any CPU = Release|Any CPU
	EndGlobalSection
	GlobalSection(ProjectConfigurationPlatforms) = postSolution
		{947ED70E-81FD-454A-A7E7-D177F4E7379A}.Debug|Any CPU.ActiveCfg = Debug|Any CPU
		{947ED70E-81FD-454A-A7E7-D177F4E7379A}.Debug|Any CPU.Build.0 = Debug|Any CPU
		{947ED70E-81FD-454A-A7E7-D177F4E7379A}.Release|Any CPU.ActiveCfg = Release|Any CPU
		{947ED70E-81FD-454A-A7E7-D177F4E7379A}.Release|Any CPU.Build.0 = Release|Any CPU
	EndGlobalSection
	GlobalSection(SolutionProperties) = preSolution
		HideSolutionNode = FALSE
	EndGlobalSection
	GlobalSection(ExtensibilityGlobals) = postSolution
		SolutionGuid = {6E96CEF2-A7E2-4F17-A373-20D21747CE2C}
	EndGlobalSection
EndGlobal
